
Microsoft Visual Studio Solution File, Format Version 12.00
# Visual Studio Version 16
VisualStudioVersion = 16.0.32413.511
MinimumVisualStudioVersion = 10.0.40219.1
Project("{FAE04EC0-301F-11D3-BF4B-00C04F79EFBC}") = "proverka", "proverka\proverka.csproj", "{475EBD53-F7DA-4156-9A10-2885A04585D4}"
EndProject
Global
	GlobalSection(SolutionConfigurationPlatforms) = preSolution
		Debug|Any CPU = Debug|Any CPU
		Release|Any CPU = Release|Any CPU
	EndGlobalSection
	GlobalSection(ProjectConfigurationPlatforms) = postSolution
		{475EBD53-F7DA-4156-9A10-2885A04585D4}.Debug|Any CPU.ActiveCfg = Debug|Any CPU
		{475EBD53-F7DA-4156-9A10-2885A04585D4}.Debug|Any CPU.Build.0 = Debug|Any CPU
		{475EBD53-F7DA-4156-9A10-2885A04585D4}.Release|Any CPU.ActiveCfg = Release|Any CPU
		{475EBD53-F7DA-4156-9A10-2885A04585D4}.Release|Any CPU.Build.0 = Release|Any CPU
	EndGlobalSection
	GlobalSection(SolutionProperties) = preSolution
		HideSolutionNode = FALSE
	EndGlobalSection
	GlobalSection(ExtensibilityGlobals) = postSolution
		SolutionGuid = {4B907775-1343-4816-8201-68AD4CFFA013}
	EndGlobalSection
EndGlobal
